
Microsoft Visual Studio Solution File, Format Version 12.00
# Visual Studio Version 16
VisualStudioVersion = 25.0.1706.8
MinimumVisualStudioVersion = 10.0.40219.1
Project("{FAE04EC0-301F-11D3-BF4B-00C04F79EFBC}") = "Reverse_String_4", "Reverse_String_4\Reverse_String_4.csproj", "{12337E4A-B378-4C69-BD12-2103DF376FA3}"
EndProject
Global
	GlobalSection(SolutionConfigurationPlatforms) = preSolution
		Debug|Any CPU = Debug|Any CPU
		Release|Any CPU = Release|Any CPU
	EndGlobalSection
	GlobalSection(ProjectConfigurationPlatforms) = postSolution
		{12337E4A-B378-4C69-BD12-2103DF376FA3}.Debug|Any CPU.ActiveCfg = Debug|Any CPU
		{12337E4A-B378-4C69-BD12-2103DF376FA3}.Debug|Any CPU.Build.0 = Debug|Any CPU
		{12337E4A-B378-4C69-BD12-2103DF376FA3}.Release|Any CPU.ActiveCfg = Release|Any CPU
		{12337E4A-B378-4C69-BD12-2103DF376FA3}.Release|Any CPU.Build.0 = Release|Any CPU
	EndGlobalSection
	GlobalSection(SolutionProperties) = preSolution
		HideSolutionNode = FALSE
	EndGlobalSection
	GlobalSection(ExtensibilityGlobals) = postSolution
		SolutionGuid = {AA1A8532-F410-4F9C-A080-5F9B1DCC0333}
	EndGlobalSection
EndGlobal
